
Microsoft Visual Studio Solution File, Format Version 12.00
# Visual Studio 15
VisualStudioVersion = 15.0.26430.14
MinimumVisualStudioVersion = 10.0.40219.1
Project("{FAE04EC0-301F-11D3-BF4B-00C04F79EFBC}") = "MapCoordinates", "MapCoordinates\MapCoordinates.csproj", "{07B0A8EF-9D9C-4A51-B91C-05E42DD9E3FC}"
EndProject
Project("{FAE04EC0-301F-11D3-BF4B-00C04F79EFBC}") = "Books", "Books\Books.csproj", "{B1CD57BA-A68D-4EDF-868D-E8635E6D0197}"
EndProject
Project("{FAE04EC0-301F-11D3-BF4B-00C04F79EFBC}") = "OrderForm", "OrderForm\OrderForm.csproj", "{A4AB0BA4-4405-4D0C-A3FA-3F9486E8412A}"
EndProject
Project("{FAE04EC0-301F-11D3-BF4B-00C04F79EFBC}") = "DeckOfCards", "DeckOfCards\DeckOfCards.csproj", "{946D8114-F045-4523-A481-AACB75C43028}"
EndProject
Project("{FAE04EC0-301F-11D3-BF4B-00C04F79EFBC}") = "Orders", "Orders\Orders.csproj", "{57917EAC-597C-4FD6-A321-A4ABC4C9EAAC}"
EndProject
Project("{FAE04EC0-301F-11D3-BF4B-00C04F79EFBC}") = "Poker", "Poker\Poker.csproj", "{AD2E4145-B273-44C5-81CF-ED023A35FA4F}"
EndProject
Project("{FAE04EC0-301F-11D3-BF4B-00C04F79EFBC}") = "ClassLibrary1", "ClassLibrary1\ClassLibrary1.csproj", "{70CC4730-C02B-4834-AF6C-A4060714A2D4}"
EndProject
Global
	GlobalSection(SolutionConfigurationPlatforms) = preSolution
		Debug|Any CPU = Debug|Any CPU
		Release|Any CPU = Release|Any CPU
	EndGlobalSection
	GlobalSection(ProjectConfigurationPlatforms) = postSolution
		{07B0A8EF-9D9C-4A51-B91C-05E42DD9E3FC}.Debug|Any CPU.ActiveCfg = Debug|Any CPU
		{07B0A8EF-9D9C-4A51-B91C-05E42DD9E3FC}.Debug|Any CPU.Build.0 = Debug|Any CPU
		{07B0A8EF-9D9C-4A51-B91C-05E42DD9E3FC}.Release|Any CPU.ActiveCfg = Release|Any CPU
		{07B0A8EF-9D9C-4A51-B91C-05E42DD9E3FC}.Release|Any CPU.Build.0 = Release|Any CPU
		{B1CD57BA-A68D-4EDF-868D-E8635E6D0197}.Debug|Any CPU.ActiveCfg = Debug|Any CPU
		{B1CD57BA-A68D-4EDF-868D-E8635E6D0197}.Debug|Any CPU.Build.0 = Debug|Any CPU
		{B1CD57BA-A68D-4EDF-868D-E8635E6D0197}.Release|Any CPU.ActiveCfg = Release|Any CPU
		{B1CD57BA-A68D-4EDF-868D-E8635E6D0197}.Release|Any CPU.Build.0 = Release|Any CPU
		{A4AB0BA4-4405-4D0C-A3FA-3F9486E8412A}.Debug|Any CPU.ActiveCfg = Debug|Any CPU
		{A4AB0BA4-4405-4D0C-A3FA-3F9486E8412A}.Debug|Any CPU.Build.0 = Debug|Any CPU
		{A4AB0BA4-4405-4D0C-A3FA-3F9486E8412A}.Release|Any CPU.ActiveCfg = Release|Any CPU
		{A4AB0BA4-4405-4D0C-A3FA-3F9486E8412A}.Release|Any CPU.Build.0 = Release|Any CPU
		{946D8114-F045-4523-A481-AACB75C43028}.Debug|Any CPU.ActiveCfg = Debug|Any CPU
		{946D8114-F045-4523-A481-AACB75C43028}.Debug|Any CPU.Build.0 = Debug|Any CPU
		{946D8114-F045-4523-A481-AACB75C43028}.Release|Any CPU.ActiveCfg = Release|Any CPU
		{946D8114-F045-4523-A481-AACB75C43028}.Release|Any CPU.Build.0 = Release|Any CPU
		{57917EAC-597C-4FD6-A321-A4ABC4C9EAAC}.Debug|Any CPU.ActiveCfg = Debug|Any CPU
		{57917EAC-597C-4FD6-A321-A4ABC4C9EAAC}.Debug|Any CPU.Build.0 = Debug|Any CPU
		{57917EAC-597C-4FD6-A321-A4ABC4C9EAAC}.Release|Any CPU.ActiveCfg = Release|Any CPU
		{57917EAC-597C-4FD6-A321-A4ABC4C9EAAC}.Release|Any CPU.Build.0 = Release|Any CPU
		{AD2E4145-B273-44C5-81CF-ED023A35FA4F}.Debug|Any CPU.ActiveCfg = Debug|Any CPU
		{AD2E4145-B273-44C5-81CF-ED023A35FA4F}.Debug|Any CPU.Build.0 = Debug|Any CPU
		{AD2E4145-B273-44C5-81CF-ED023A35FA4F}.Release|Any CPU.ActiveCfg = Release|Any CPU
		{AD2E4145-B273-44C5-81CF-ED023A35FA4F}.Release|Any CPU.Build.0 = Release|Any CPU
		{70CC4730-C02B-4834-AF6C-A4060714A2D4}.Debug|Any CPU.ActiveCfg = Debug|Any CPU
		{70CC4730-C02B-4834-AF6C-A4060714A2D4}.Debug|Any CPU.Build.0 = Debug|Any CPU
		{70CC4730-C02B-4834-AF6C-A4060714A2D4}.Release|Any CPU.ActiveCfg = Release|Any CPU
		{70CC4730-C02B-4834-AF6C-A4060714A2D4}.Release|Any CPU.Build.0 = Release|Any CPU
	EndGlobalSection
	GlobalSection(SolutionProperties) = preSolution
		HideSolutionNode = FALSE
	EndGlobalSection
EndGlobal
